// !$*UTF8*$!
{
	archiveVersion = 1;
	classes = {
	};
	objectVersion = 50;
	objects = {

/* Begin PBXBuildFile section */
		63582D3AF16321CA0CAC929F /* Pods_NewsApp.framework in Frameworks */ = {isa = PBXBuildFile; fileRef = 8587FBA4E8FC6DD3A6C58C3C /* Pods_NewsApp.framework */; };
		6DA46DF422678AA10019AC1F /* AppDelegate.swift in Sources */ = {isa = PBXBuildFile; fileRef = 6DA46DF322678AA10019AC1F /* AppDelegate.swift */; };
		6DA46DF922678AA10019AC1F /* Main.storyboard in Resources */ = {isa = PBXBuildFile; fileRef = 6DA46DF722678AA10019AC1F /* Main.storyboard */; };
		6DA46DFB22678AA20019AC1F /* Assets.xcassets in Resources */ = {isa = PBXBuildFile; fileRef = 6DA46DFA22678AA20019AC1F /* Assets.xcassets */; };
		6DA46DFE22678AA20019AC1F /* LaunchScreen.storyboard in Resources */ = {isa = PBXBuildFile; fileRef = 6DA46DFC22678AA20019AC1F /* LaunchScreen.storyboard */; };
		6DA46E0722678DB90019AC1F /* NewsAPI.swift in Sources */ = {isa = PBXBuildFile; fileRef = 6DA46E0622678DB90019AC1F /* NewsAPI.swift */; };
		6DA46E0922678FDB0019AC1F /* Article.swift in Sources */ = {isa = PBXBuildFile; fileRef = 6DA46E0822678FDB0019AC1F /* Article.swift */; };
		6DA46E0C22679E560019AC1F /* ArticlesViewController.swift in Sources */ = {isa = PBXBuildFile; fileRef = 6DA46E0B22679E560019AC1F /* ArticlesViewController.swift */; };
		6DA46E102267A6970019AC1F /* ArticleCell.swift in Sources */ = {isa = PBXBuildFile; fileRef = 6DA46E0E2267A6970019AC1F /* ArticleCell.swift */; };
		6DA46E112267A6970019AC1F /* ArticleCell.xib in Resources */ = {isa = PBXBuildFile; fileRef = 6DA46E0F2267A6970019AC1F /* ArticleCell.xib */; };
/* End PBXBuildFile section */

/* Begin PBXFileReference section */
		604F4C722A501A3F2C56F221 /* Pods-NewsApp.debug.xcconfig */ = {isa = PBXFileReference; includeInIndex = 1; lastKnownFileType = text.xcconfig; name = "Pods-NewsApp.debug.xcconfig"; path = "Target Support Files/Pods-NewsApp/Pods-NewsApp.debug.xcconfig"; sourceTree = "<group>"; };
		62B7946C773DCDA4FE588367 /* Pods-NewsApp.release.xcconfig */ = {isa = PBXFileReference; includeInIndex = 1; lastKnownFileType = text.xcconfig; name = "Pods-NewsApp.release.xcconfig"; path = "Target Support Files/Pods-NewsApp/Pods-NewsApp.release.xcconfig"; sourceTree = "<group>"; };
		6DA46DF022678AA10019AC1F /* NewsApp.app */ = {isa = PBXFileReference; explicitFileType = wrapper.application; includeInIndex = 0; path = NewsApp.app; sourceTree = BUILT_PRODUCTS_DIR; };
		6DA46DF322678AA10019AC1F /* AppDelegate.swift */ = {isa = PBXFileReference; lastKnownFileType = sourcecode.swift; path = AppDelegate.swift; sourceTree = "<group>"; };
		6DA46DF822678AA10019AC1F /* Base */ = {isa = PBXFileReference; lastKnownFileType = file.storyboard; name = Base; path = Base.lproj/Main.storyboard; sourceTree = "<group>"; };
		6DA46DFA22678AA20019AC1F /* Assets.xcassets */ = {isa = PBXFileReference; lastKnownFileType = folder.assetcatalog; path = Assets.xcassets; sourceTree = "<group>"; };
		6DA46DFD22678AA20019AC1F /* Base */ = {isa = PBXFileReference; lastKnownFileType = file.storyboard; name = Base; path = Base.lproj/LaunchScreen.storyboard; sourceTree = "<group>"; };
		6DA46DFF22678AA20019AC1F /* Info.plist */ = {isa = PBXFileReference; lastKnownFileType = text.plist.xml; path = Info.plist; sourceTree = "<group>"; };
		6DA46E0622678DB90019AC1F /* NewsAPI.swift */ = {isa = PBXFileReference; lastKnownFileType = sourcecode.swift; path = NewsAPI.swift; sourceTree = "<group>"; };
		6DA46E0822678FDB0019AC1F /* Article.swift */ = {isa = PBXFileReference; lastKnownFileType = sourcecode.swift; path = Article.swift; sourceTree = "<group>"; };
		6DA46E0B22679E560019AC1F /* ArticlesViewController.swift */ = {isa = PBXFileReference; lastKnownFileType = sourcecode.swift; path = ArticlesViewController.swift; sourceTree = "<group>"; };
		6DA46E0E2267A6970019AC1F /* ArticleCell.swift */ = {isa = PBXFileReference; lastKnownFileType = sourcecode.swift; path = ArticleCell.swift; sourceTree = "<group>"; };
		6DA46E0F2267A6970019AC1F /* ArticleCell.xib */ = {isa = PBXFileReference; lastKnownFileType = file.xib; path = ArticleCell.xib; sourceTree = "<group>"; };
		8587FBA4E8FC6DD3A6C58C3C /* Pods_NewsApp.framework */ = {isa = PBXFileReference; explicitFileType = wrapper.framework; includeInIndex = 0; path = Pods_NewsApp.framework; sourceTree = BUILT_PRODUCTS_DIR; };
/* End PBXFileReference section */

/* Begin PBXFrameworksBuildPhase section */
		6DA46DED22678AA10019AC1F /* Frameworks */ = {
			isa = PBXFrameworksBuildPhase;
			buildActionMask = 2147483647;
			files = (
				63582D3AF16321CA0CAC929F /* Pods_NewsApp.framework in Frameworks */,
			);
			runOnlyForDeploymentPostprocessing = 0;
		};
/* End PBXFrameworksBuildPhase section */

/* Begin PBXGroup section */
		2FFB539FAE5911569489F42D /* Pods */ = {
			isa = PBXGroup;
			children = (
				604F4C722A501A3F2C56F221 /* Pods-NewsApp.debug.xcconfig */,
				62B7946C773DCDA4FE588367 /* Pods-NewsApp.release.xcconfig */,
			);
			path = Pods;
			sourceTree = "<group>";
		};
		6DA46DE722678AA10019AC1F = {
			isa = PBXGroup;
			children = (
				6DA46DF222678AA10019AC1F /* NewsApp */,
				6DA46DF122678AA10019AC1F /* Products */,
				2FFB539FAE5911569489F42D /* Pods */,
				A058FC1CA76FB8E6B609E351 /* Frameworks */,
			);
			sourceTree = "<group>";
		};
		6DA46DF122678AA10019AC1F /* Products */ = {
			isa = PBXGroup;
			children = (
				6DA46DF022678AA10019AC1F /* NewsApp.app */,
			);
			name = Products;
			sourceTree = "<group>";
		};
		6DA46DF222678AA10019AC1F /* NewsApp */ = {
			isa = PBXGroup;
			children = (
				6DA46E0D2267A6650019AC1F /* view */,
				6DA46E0A22679E050019AC1F /* controller */,
				6DA46E0522678D900019AC1F /* model */,
				6DA46DF322678AA10019AC1F /* AppDelegate.swift */,
				6DA46DF722678AA10019AC1F /* Main.storyboard */,
				6DA46DFA22678AA20019AC1F /* Assets.xcassets */,
				6DA46DFC22678AA20019AC1F /* LaunchScreen.storyboard */,
				6DA46DFF22678AA20019AC1F /* Info.plist */,
			);
			path = NewsApp;
			sourceTree = "<group>";
		};
		6DA46E0522678D900019AC1F /* model */ = {
			isa = PBXGroup;
			children = (
				6DA46E0622678DB90019AC1F /* NewsAPI.swift */,
				6DA46E0822678FDB0019AC1F /* Article.swift */,
			);
			path = model;
			sourceTree = "<group>";
		};
		6DA46E0A22679E050019AC1F /* controller */ = {
			isa = PBXGroup;
			children = (
				6DA46E0B22679E560019AC1F /* ArticlesViewController.swift */,
			);
			path = controller;
			sourceTree = "<group>";
		};
		6DA46E0D2267A6650019AC1F /* view */ = {
			isa = PBXGroup;
			children = (
				6DA46E0E2267A6970019AC1F /* ArticleCell.swift */,
				6DA46E0F2267A6970019AC1F /* ArticleCell.xib */,
			);
			path = view;
			sourceTree = "<group>";
		};
		A058FC1CA76FB8E6B609E351 /* Frameworks */ = {
			isa = PBXGroup;
			children = (
				8587FBA4E8FC6DD3A6C58C3C /* Pods_NewsApp.framework */,
			);
			name = Frameworks;
			sourceTree = "<group>";
		};
/* End PBXGroup section */

/* Begin PBXNativeTarget section */
		6DA46DEF22678AA10019AC1F /* NewsApp */ = {
			isa = PBXNativeTarget;
			buildConfigurationList = 6DA46E0222678AA20019AC1F /* Build configuration list for PBXNativeTarget "NewsApp" */;
			buildPhases = (
				7E93A90F57660F2C1E843A44 /* [CP] Check Pods Manifest.lock */,
				6DA46DEC22678AA10019AC1F /* Sources */,
				6DA46DED22678AA10019AC1F /* Frameworks */,
				6DA46DEE22678AA10019AC1F /* Resources */,
				C4FAD4DC29C775EFF33A12C6 /* [CP] Embed Pods Frameworks */,
			);
			buildRules = (
			);
			dependencies = (
			);
			name = NewsApp;
			productName = NewsApp;
			productReference = 6DA46DF022678AA10019AC1F /* NewsApp.app */;
			productType = "com.apple.product-type.application";
		};
/* End PBXNativeTarget section */

/* Begin PBXProject section */
		6DA46DE822678AA10019AC1F /* Project object */ = {
			isa = PBXProject;
			attributes = {
				LastSwiftUpdateCheck = 1010;
				LastUpgradeCheck = 1010;
				ORGANIZATIONNAME = hackeru;
				TargetAttributes = {
					6DA46DEF22678AA10019AC1F = {
						CreatedOnToolsVersion = 10.1;
					};
				};
			};
			buildConfigurationList = 6DA46DEB22678AA10019AC1F /* Build configuration list for PBXProject "NewsApp" */;
			compatibilityVersion = "Xcode 9.3";
			developmentRegion = en;
			hasScannedForEncodings = 0;
			knownRegions = (
				en,
				Base,
			);
			mainGroup = 6DA46DE722678AA10019AC1F;
			productRefGroup = 6DA46DF122678AA10019AC1F /* Products */;
			projectDirPath = "";
			projectRoot = "";
			targets = (
				6DA46DEF22678AA10019AC1F /* NewsApp */,
			);
		};
/* End PBXProject section */

/* Begin PBXResourcesBuildPhase section */
		6DA46DEE22678AA10019AC1F /* Resources */ = {
			isa = PBXResourcesBuildPhase;
			buildActionMask = 2147483647;
			files = (
				6DA46E112267A6970019AC1F /* ArticleCell.xib in Resources */,
				6DA46DFE22678AA20019AC1F /* LaunchScreen.storyboard in Resources */,
				6DA46DFB22678AA20019AC1F /* Assets.xcassets in Resources */,
				6DA46DF922678AA10019AC1F /* Main.storyboard in Resources */,
			);
			runOnlyForDeploymentPostprocessing = 0;
		};
/* End PBXResourcesBuildPhase section */

/* Begin PBXShellScriptBuildPhase section */
		7E93A90F57660F2C1E843A44 /* [CP] Check Pods Manifest.lock */ = {
			isa = PBXShellScriptBuildPhase;
			buildActionMask = 2147483647;
			files = (
			);
			inputFileListPaths = (
			);
			inputPaths = (
				"${PODS_PODFILE_DIR_PATH}/Podfile.lock",
				"${PODS_ROOT}/Manifest.lock",
			);
			name = "[CP] Check Pods Manifest.lock";
			outputFileListPaths = (
			);
			outputPaths = (
				"$(DERIVED_FILE_DIR)/Pods-NewsApp-checkManifestLockResult.txt",
			);
			runOnlyForDeploymentPostprocessing = 0;
			shellPath = /bin/sh;
			shellScript = "diff \"${PODS_PODFILE_DIR_PATH}/Podfile.lock\" \"${PODS_ROOT}/Manifest.lock\" > /dev/null\nif [ $? != 0 ] ; then\n    # print error to STDERR\n    echo \"error: The sandbox is not in sync with the Podfile.lock. Run 'pod install' or update your CocoaPods installation.\" >&2\n    exit 1\nfi\n# This output is used by Xcode 'outputs' to avoid re-running this script phase.\necho \"SUCCESS\" > \"${SCRIPT_OUTPUT_FILE_0}\"\n";
			showEnvVarsInLog = 0;
		};
		C4FAD4DC29C775EFF33A12C6 /* [CP] Embed Pods Frameworks */ = {
			isa = PBXShellScriptBuildPhase;
			buildActionMask = 2147483647;
			files = (
			);
			inputFileListPaths = (
			);
			inputPaths = (
				"${PODS_ROOT}/Target Support Files/Pods-NewsApp/Pods-NewsApp-frameworks.sh",
				"${BUILT_PRODUCTS_DIR}/Alamofire/Alamofire.framework",
				"${BUILT_PRODUCTS_DIR}/SDWebImage/SDWebImage.framework",
			);
			name = "[CP] Embed Pods Frameworks";
			outputFileListPaths = (
			);
			outputPaths = (
				"${TARGET_BUILD_DIR}/${FRAMEWORKS_FOLDER_PATH}/Alamofire.framework",
				"${TARGET_BUILD_DIR}/${FRAMEWORKS_FOLDER_PATH}/SDWebImage.framework",
			);
			runOnlyForDeploymentPostprocessing = 0;
			shellPath = /bin/sh;
			shellScript = "\"${PODS_ROOT}/Target Support Files/Pods-NewsApp/Pods-NewsApp-frameworks.sh\"\n";
			showEnvVarsInLog = 0;
		};
/* End PBXShellScriptBuildPhase section */

/* Begin PBXSourcesBuildPhase section */
		6DA46DEC22678AA10019AC1F /* Sources */ = {
			isa = PBXSourcesBuildPhase;
			buildActionMask = 2147483647;
			files = (
				6DA46E0922678FDB0019AC1F /* Article.swift in Sources */,
				6DA46E0C22679E560019AC1F /* ArticlesViewController.swift in Sources */,
				6DA46DF422678AA10019AC1F /* AppDelegate.swift in Sources */,
				6DA46E102267A6970019AC1F /* ArticleCell.swift in Sources */,
				6DA46E0722678DB90019AC1F /* NewsAPI.swift in Sources */,
			);
			runOnlyForDeploymentPostprocessing = 0;
		};
/* End PBXSourcesBuildPhase section */

/* Begin PBXVariantGroup section */
		6DA46DF722678AA10019AC1F /* Main.storyboard */ = {
			isa = PBXVariantGroup;
			children = (
				6DA46DF822678AA10019AC1F /* Base */,
			);
			name = Main.storyboard;
			sourceTree = "<group>";
		};
		6DA46DFC22678AA20019AC1F /* LaunchScreen.storyboard */ = {
			isa = PBXVariantGroup;
			children = (
				6DA46DFD22678AA20019AC1F /* Base */,
			);
			name = LaunchScreen.storyboard;
			sourceTree = "<group>";
		};
/* End PBXVariantGroup section */

/* Begin XCBuildConfiguration section */
		6DA46E0022678AA20019AC1F /* Debug */ = {
			isa = XCBuildConfiguration;
			buildSettings = {
				ALWAYS_SEARCH_USER_PATHS = NO;
				CLANG_ANALYZER_NONNULL = YES;
				CLANG_ANALYZER_NUMBER_OBJECT_CONVERSION = YES_AGGRESSIVE;
				CLANG_CXX_LANGUAGE_STANDARD = "gnu++14";
				CLANG_CXX_LIBRARY = "libc++";
				CLANG_ENABLE_MODULES = YES;
				CLANG_ENABLE_OBJC_ARC = YES;
				CLANG_ENABLE_OBJC_WEAK = YES;
				CLANG_WARN_BLOCK_CAPTURE_AUTORELEASING = YES;
				CLANG_WARN_BOOL_CONVERSION = YES;
				CLANG_WARN_COMMA = YES;
				CLANG_WARN_CONSTANT_CONVERSION = YES;
				CLANG_WARN_DEPRECATED_OBJC_IMPLEMENTATIONS = YES;
				CLANG_WARN_DIRECT_OBJC_ISA_USAGE = YES_ERROR;
				CLANG_WARN_DOCUMENTATION_COMMENTS = YES;
				CLANG_WARN_EMPTY_BODY = YES;
				CLANG_WARN_ENUM_CONVERSION = YES;
				CLANG_WARN_INFINITE_RECURSION = YES;
				CLANG_WARN_INT_CONVERSION = YES;
				CLANG_WARN_NON_LITERAL_NULL_CONVERSION = YES;
				CLANG_WARN_OBJC_IMPLICIT_RETAIN_SELF = YES;
				CLANG_WARN_OBJC_LITERAL_CONVERSION = YES;
				CLANG_WARN_OBJC_ROOT_CLASS = YES_ERROR;
				CLANG_WARN_RANGE_LOOP_ANALYSIS = YES;
				CLANG_WARN_STRICT_PROTOTYPES = YES;
				CLANG_WARN_SUSPICIOUS_MOVE = YES;
				CLANG_WARN_UNGUARDED_AVAILABILITY = YES_AGGRESSIVE;
				CLANG_WARN_UNREACHABLE_CODE = YES;
				CLANG_WARN__DUPLICATE_METHOD_MATCH = YES;
				CODE_SIGN_IDENTITY = "iPhone Developer";
				COPY_PHASE_STRIP = NO;
				DEBUG_INFORMATION_FORMAT = dwarf;
				ENABLE_STRICT_OBJC_MSGSEND = YES;
				ENABLE_TESTABILITY = YES;
				GCC_C_LANGUAGE_STANDARD = gnu11;
				GCC_DYNAMIC_NO_PIC = NO;
				GCC_NO_COMMON_BLOCKS = YES;
				GCC_OPTIMIZATION_LEVEL = 0;
				GCC_PREPROCESSOR_DEFINITIONS = (
					"DEBUG=1",
					"$(inherited)",
				);
				GCC_WARN_64_TO_32_BIT_CONVERSION = YES;
				GCC_WARN_ABOUT_RETURN_TYPE = YES_ERROR;
				GCC_WARN_UNDECLARED_SELECTOR = YES;
				GCC_WARN_UNINITIALIZED_AUTOS = YES_AGGRESSIVE;
				GCC_WARN_UNUSED_FUNCTION = YES;
				GCC_WARN_UNUSED_VARIABLE = YES;
				IPHONEOS_DEPLOYMENT_TARGET = 12.1;
				MTL_ENABLE_DEBUG_INFO = INCLUDE_SOURCE;
				MTL_FAST_MATH = YES;
				ONLY_ACTIVE_ARCH = YES;
				SDKROOT = iphoneos;
				SWIFT_ACTIVE_COMPILATION_CONDITIONS = DEBUG;
				SWIFT_OPTIMIZATION_LEVEL = "-Onone";
			};
			name = Debug;
		};
		6DA46E0122678AA20019AC1F /* Release */ = {
			isa = XCBuildConfiguration;
			buildSettings = {
				ALWAYS_SEARCH_USER_PATHS = NO;
				CLANG_ANALYZER_NONNULL = YES;
				CLANG_ANALYZER_NUMBER_OBJECT_CONVERSION = YES_AGGRESSIVE;
				CLANG_CXX_LANGUAGE_STANDARD = "gnu++14";
				CLANG_CXX_LIBRARY = "libc++";
				CLANG_ENABLE_MODULES = YES;
				CLANG_ENABLE_OBJC_ARC = YES;
				CLANG_ENABLE_OBJC_WEAK = YES;
				CLANG_WARN_BLOCK_CAPTURE_AUTORELEASING = YES;
				CLANG_WARN_BOOL_CONVERSION = YES;
				CLANG_WARN_COMMA = YES;
				CLANG_WARN_CONSTANT_CONVERSION = YES;
				CLANG_WARN_DEPRECATED_OBJC_IMPLEMENTATIONS = YES;
				CLANG_WARN_DIRECT_OBJC_ISA_USAGE = YES_ERROR;
				CLANG_WARN_DOCUMENTATION_COMMENTS = YES;
				CLANG_WARN_EMPTY_BODY = YES;
				CLANG_WARN_ENUM_CONVERSION = YES;
				CLANG_WARN_INFINITE_RECURSION = YES;
				CLANG_WARN_INT_CONVERSION = YES;
				CLANG_WARN_NON_LITERAL_NULL_CONVERSION = YES;
				CLANG_WARN_OBJC_IMPLICIT_RETAIN_SELF = YES;
				CLANG_WARN_OBJC_LITERAL_CONVERSION = YES;
				CLANG_WARN_OBJC_ROOT_CLASS = YES_ERROR;
				CLANG_WARN_RANGE_LOOP_ANALYSIS = YES;
				CLANG_WARN_STRICT_PROTOTYPES = YES;
				CLANG_WARN_SUSPICIOUS_MOVE = YES;
				CLANG_WARN_UNGUARDED_AVAILABILITY = YES_AGGRESSIVE;
				CLANG_WARN_UNREACHABLE_CODE = YES;
				CLANG_WARN__DUPLICATE_METHOD_MATCH = YES;
				CODE_SIGN_IDENTITY = "iPhone Developer";
				COPY_PHASE_STRIP = NO;
				DEBUG_INFORMATION_FORMAT = "dwarf-with-dsym";
				ENABLE_NS_ASSERTIONS = NO;
				ENABLE_STRICT_OBJC_MSGSEND = YES;
				GCC_C_LANGUAGE_STANDARD = gnu11;
				GCC_NO_COMMON_BLOCKS = YES;
				GCC_WARN_64_TO_32_BIT_CONVERSION = YES;
				GCC_WARN_ABOUT_RETURN_TYPE = YES_ERROR;
				GCC_WARN_UNDECLARED_SELECTOR = YES;
				GCC_WARN_UNINITIALIZED_AUTOS = YES_AGGRESSIVE;
				GCC_WARN_UNUSED_FUNCTION = YES;
				GCC_WARN_UNUSED_VARIABLE = YES;
				IPHONEOS_DEPLOYMENT_TARGET = 12.1;
				MTL_ENABLE_DEBUG_INFO = NO;
				MTL_FAST_MATH = YES;
				SDKROOT = iphoneos;
				SWIFT_COMPILATION_MODE = wholemodule;
				SWIFT_OPTIMIZATION_LEVEL = "-O";
				VALIDATE_PRODUCT = YES;
			};
			name = Release;
		};
		6DA46E0322678AA20019AC1F /* Debug */ = {
			isa = XCBuildConfiguration;
			baseConfigurationReference = 604F4C722A501A3F2C56F221 /* Pods-NewsApp.debug.xcconfig */;
			buildSettings = {
				ASSETCATALOG_COMPILER_APPICON_NAME = AppIcon;
				CODE_SIGN_STYLE = Automatic;
				INFOPLIST_FILE = NewsApp/Info.plist;
				LD_RUNPATH_SEARCH_PATHS = (
					"$(inherited)",
					"@executable_path/Frameworks",
				);
				PRODUCT_BUNDLE_IDENTIFIER = lol.NewsApp;
				PRODUCT_NAME = "$(TARGET_NAME)";
				SWIFT_VERSION = 4.2;
				TARGETED_DEVICE_FAMILY = "1,2";
			};
			name = Debug;
		};
		6DA46E0422678AA20019AC1F /* Release */ = {
			isa = XCBuildConfiguration;
			baseConfigurationReference = 62B7946C773DCDA4FE588367 /* Pods-NewsApp.release.xcconfig */;
			buildSettings = {
				ASSETCATALOG_COMPILER_APPICON_NAME = AppIcon;
				CODE_SIGN_STYLE = Automatic;
				INFOPLIST_FILE = NewsApp/Info.plist;
				LD_RUNPATH_SEARCH_PATHS = (
					"$(inherited)",
					"@executable_path/Frameworks",
				);
				PRODUCT_BUNDLE_IDENTIFIER = lol.NewsApp;
				PRODUCT_NAME = "$(TARGET_NAME)";
				SWIFT_VERSION = 4.2;
				TARGETED_DEVICE_FAMILY = "1,2";
			};
			name = Release;
		};
/* End XCBuildConfiguration section */

/* Begin XCConfigurationList section */
		6DA46DEB22678AA10019AC1F /* Build configuration list for PBXProject "NewsApp" */ = {
			isa = XCConfigurationList;
			buildConfigurations = (
				6DA46E0022678AA20019AC1F /* Debug */,
				6DA46E0122678AA20019AC1F /* Release */,
			);
			defaultConfigurationIsVisible = 0;
			defaultConfigurationName = Release;
		};
		6DA46E0222678AA20019AC1F /* Build configuration list for PBXNativeTarget "NewsApp" */ = {
			isa = XCConfigurationList;
			buildConfigurations = (
				6DA46E0322678AA20019AC1F /* Debug */,
				6DA46E0422678AA20019AC1F /* Release */,
			);
			defaultConfigurationIsVisible = 0;
			defaultConfigurationName = Release;
		};
/* End XCConfigurationList section */
	};
	rootObject = 6DA46DE822678AA10019AC1F /* Project object */;
}
