// !$*UTF8*$!
{
	archiveVersion = 1;
	classes = {
	};
	objectVersion = 50;
	objects = {

/* Begin PBXBuildFile section */
		262A152422E8C1FE00FC33FC /* AppDelegate.swift in Sources */ = {isa = PBXBuildFile; fileRef = 262A152322E8C1FE00FC33FC /* AppDelegate.swift */; };
		262A152622E8C1FE00FC33FC /* ViewController.swift in Sources */ = {isa = PBXBuildFile; fileRef = 262A152522E8C1FE00FC33FC /* ViewController.swift */; };
		262A152922E8C1FE00FC33FC /* Main.storyboard in Resources */ = {isa = PBXBuildFile; fileRef = 262A152722E8C1FE00FC33FC /* Main.storyboard */; };
		262A152B22E8C1FF00FC33FC /* Assets.xcassets in Resources */ = {isa = PBXBuildFile; fileRef = 262A152A22E8C1FF00FC33FC /* Assets.xcassets */; };
		262A152E22E8C1FF00FC33FC /* LaunchScreen.storyboard in Resources */ = {isa = PBXBuildFile; fileRef = 262A152C22E8C1FF00FC33FC /* LaunchScreen.storyboard */; };
		262A153722E8C7E000FC33FC /* IStack.swift in Sources */ = {isa = PBXBuildFile; fileRef = 262A153622E8C7E000FC33FC /* IStack.swift */; };
/* End PBXBuildFile section */

/* Begin PBXFileReference section */
		262A152022E8C1FE00FC33FC /* ThreadSafety.app */ = {isa = PBXFileReference; explicitFileType = wrapper.application; includeInIndex = 0; path = ThreadSafety.app; sourceTree = BUILT_PRODUCTS_DIR; };
		262A152322E8C1FE00FC33FC /* AppDelegate.swift */ = {isa = PBXFileReference; lastKnownFileType = sourcecode.swift; path = AppDelegate.swift; sourceTree = "<group>"; };
		262A152522E8C1FE00FC33FC /* ViewController.swift */ = {isa = PBXFileReference; lastKnownFileType = sourcecode.swift; path = ViewController.swift; sourceTree = "<group>"; };
		262A152822E8C1FE00FC33FC /* Base */ = {isa = PBXFileReference; lastKnownFileType = file.storyboard; name = Base; path = Base.lproj/Main.storyboard; sourceTree = "<group>"; };
		262A152A22E8C1FF00FC33FC /* Assets.xcassets */ = {isa = PBXFileReference; lastKnownFileType = folder.assetcatalog; path = Assets.xcassets; sourceTree = "<group>"; };
		262A152D22E8C1FF00FC33FC /* Base */ = {isa = PBXFileReference; lastKnownFileType = file.storyboard; name = Base; path = Base.lproj/LaunchScreen.storyboard; sourceTree = "<group>"; };
		262A152F22E8C1FF00FC33FC /* Info.plist */ = {isa = PBXFileReference; lastKnownFileType = text.plist.xml; path = Info.plist; sourceTree = "<group>"; };
		262A153622E8C7E000FC33FC /* IStack.swift */ = {isa = PBXFileReference; lastKnownFileType = sourcecode.swift; path = IStack.swift; sourceTree = "<group>"; };
/* End PBXFileReference section */

/* Begin PBXFrameworksBuildPhase section */
		262A151D22E8C1FE00FC33FC /* Frameworks */ = {
			isa = PBXFrameworksBuildPhase;
			buildActionMask = 2147483647;
			files = (
			);
			runOnlyForDeploymentPostprocessing = 0;
		};
/* End PBXFrameworksBuildPhase section */

/* Begin PBXGroup section */
		262A151722E8C1FE00FC33FC = {
			isa = PBXGroup;
			children = (
				262A152222E8C1FE00FC33FC /* ThreadSafety */,
				262A152122E8C1FE00FC33FC /* Products */,
			);
			sourceTree = "<group>";
		};
		262A152122E8C1FE00FC33FC /* Products */ = {
			isa = PBXGroup;
			children = (
				262A152022E8C1FE00FC33FC /* ThreadSafety.app */,
			);
			name = Products;
			sourceTree = "<group>";
		};
		262A152222E8C1FE00FC33FC /* ThreadSafety */ = {
			isa = PBXGroup;
			children = (
				262A153522E8C7D400FC33FC /* DataStack */,
				262A152322E8C1FE00FC33FC /* AppDelegate.swift */,
				262A152522E8C1FE00FC33FC /* ViewController.swift */,
				262A152722E8C1FE00FC33FC /* Main.storyboard */,
				262A152A22E8C1FF00FC33FC /* Assets.xcassets */,
				262A152C22E8C1FF00FC33FC /* LaunchScreen.storyboard */,
				262A152F22E8C1FF00FC33FC /* Info.plist */,
			);
			path = ThreadSafety;
			sourceTree = "<group>";
		};
		262A153522E8C7D400FC33FC /* DataStack */ = {
			isa = PBXGroup;
			children = (
				262A153622E8C7E000FC33FC /* IStack.swift */,
			);
			path = DataStack;
			sourceTree = "<group>";
		};
/* End PBXGroup section */

/* Begin PBXNativeTarget section */
		262A151F22E8C1FE00FC33FC /* ThreadSafety */ = {
			isa = PBXNativeTarget;
			buildConfigurationList = 262A153222E8C1FF00FC33FC /* Build configuration list for PBXNativeTarget "ThreadSafety" */;
			buildPhases = (
				262A151C22E8C1FE00FC33FC /* Sources */,
				262A151D22E8C1FE00FC33FC /* Frameworks */,
				262A151E22E8C1FE00FC33FC /* Resources */,
			);
			buildRules = (
			);
			dependencies = (
			);
			name = ThreadSafety;
			productName = ThreadSafety;
			productReference = 262A152022E8C1FE00FC33FC /* ThreadSafety.app */;
			productType = "com.apple.product-type.application";
		};
/* End PBXNativeTarget section */

/* Begin PBXProject section */
		262A151822E8C1FE00FC33FC /* Project object */ = {
			isa = PBXProject;
			attributes = {
				LastSwiftUpdateCheck = 1020;
				LastUpgradeCheck = 1020;
				ORGANIZATIONNAME = HackerU;
				TargetAttributes = {
					262A151F22E8C1FE00FC33FC = {
						CreatedOnToolsVersion = 10.2.1;
					};
				};
			};
			buildConfigurationList = 262A151B22E8C1FE00FC33FC /* Build configuration list for PBXProject "ThreadSafety" */;
			compatibilityVersion = "Xcode 9.3";
			developmentRegion = en;
			hasScannedForEncodings = 0;
			knownRegions = (
				en,
				Base,
			);
			mainGroup = 262A151722E8C1FE00FC33FC;
			productRefGroup = 262A152122E8C1FE00FC33FC /* Products */;
			projectDirPath = "";
			projectRoot = "";
			targets = (
				262A151F22E8C1FE00FC33FC /* ThreadSafety */,
			);
		};
/* End PBXProject section */

/* Begin PBXResourcesBuildPhase section */
		262A151E22E8C1FE00FC33FC /* Resources */ = {
			isa = PBXResourcesBuildPhase;
			buildActionMask = 2147483647;
			files = (
				262A152E22E8C1FF00FC33FC /* LaunchScreen.storyboard in Resources */,
				262A152B22E8C1FF00FC33FC /* Assets.xcassets in Resources */,
				262A152922E8C1FE00FC33FC /* Main.storyboard in Resources */,
			);
			runOnlyForDeploymentPostprocessing = 0;
		};
/* End PBXResourcesBuildPhase section */

/* Begin PBXSourcesBuildPhase section */
		262A151C22E8C1FE00FC33FC /* Sources */ = {
			isa = PBXSourcesBuildPhase;
			buildActionMask = 2147483647;
			files = (
				262A152622E8C1FE00FC33FC /* ViewController.swift in Sources */,
				262A152422E8C1FE00FC33FC /* AppDelegate.swift in Sources */,
				262A153722E8C7E000FC33FC /* IStack.swift in Sources */,
			);
			runOnlyForDeploymentPostprocessing = 0;
		};
/* End PBXSourcesBuildPhase section */

/* Begin PBXVariantGroup section */
		262A152722E8C1FE00FC33FC /* Main.storyboard */ = {
			isa = PBXVariantGroup;
			children = (
				262A152822E8C1FE00FC33FC /* Base */,
			);
			name = Main.storyboard;
			sourceTree = "<group>";
		};
		262A152C22E8C1FF00FC33FC /* LaunchScreen.storyboard */ = {
			isa = PBXVariantGroup;
			children = (
				262A152D22E8C1FF00FC33FC /* Base */,
			);
			name = LaunchScreen.storyboard;
			sourceTree = "<group>";
		};
/* End PBXVariantGroup section */

/* Begin XCBuildConfiguration section */
		262A153022E8C1FF00FC33FC /* Debug */ = {
			isa = XCBuildConfiguration;
			buildSettings = {
				ALWAYS_SEARCH_USER_PATHS = NO;
				CLANG_ANALYZER_NONNULL = YES;
				CLANG_ANALYZER_NUMBER_OBJECT_CONVERSION = YES_AGGRESSIVE;
				CLANG_CXX_LANGUAGE_STANDARD = "gnu++14";
				CLANG_CXX_LIBRARY = "libc++";
				CLANG_ENABLE_MODULES = YES;
				CLANG_ENABLE_OBJC_ARC = YES;
				CLANG_ENABLE_OBJC_WEAK = YES;
				CLANG_WARN_BLOCK_CAPTURE_AUTORELEASING = YES;
				CLANG_WARN_BOOL_CONVERSION = YES;
				CLANG_WARN_COMMA = YES;
				CLANG_WARN_CONSTANT_CONVERSION = YES;
				CLANG_WARN_DEPRECATED_OBJC_IMPLEMENTATIONS = YES;
				CLANG_WARN_DIRECT_OBJC_ISA_USAGE = YES_ERROR;
				CLANG_WARN_DOCUMENTATION_COMMENTS = YES;
				CLANG_WARN_EMPTY_BODY = YES;
				CLANG_WARN_ENUM_CONVERSION = YES;
				CLANG_WARN_INFINITE_RECURSION = YES;
				CLANG_WARN_INT_CONVERSION = YES;
				CLANG_WARN_NON_LITERAL_NULL_CONVERSION = YES;
				CLANG_WARN_OBJC_IMPLICIT_RETAIN_SELF = YES;
				CLANG_WARN_OBJC_LITERAL_CONVERSION = YES;
				CLANG_WARN_OBJC_ROOT_CLASS = YES_ERROR;
				CLANG_WARN_RANGE_LOOP_ANALYSIS = YES;
				CLANG_WARN_STRICT_PROTOTYPES = YES;
				CLANG_WARN_SUSPICIOUS_MOVE = YES;
				CLANG_WARN_UNGUARDED_AVAILABILITY = YES_AGGRESSIVE;
				CLANG_WARN_UNREACHABLE_CODE = YES;
				CLANG_WARN__DUPLICATE_METHOD_MATCH = YES;
				CODE_SIGN_IDENTITY = "iPhone Developer";
				COPY_PHASE_STRIP = NO;
				DEBUG_INFORMATION_FORMAT = dwarf;
				ENABLE_STRICT_OBJC_MSGSEND = YES;
				ENABLE_TESTABILITY = YES;
				GCC_C_LANGUAGE_STANDARD = gnu11;
				GCC_DYNAMIC_NO_PIC = NO;
				GCC_NO_COMMON_BLOCKS = YES;
				GCC_OPTIMIZATION_LEVEL = 0;
				GCC_PREPROCESSOR_DEFINITIONS = (
					"DEBUG=1",
					"$(inherited)",
				);
				GCC_WARN_64_TO_32_BIT_CONVERSION = YES;
				GCC_WARN_ABOUT_RETURN_TYPE = YES_ERROR;
				GCC_WARN_UNDECLARED_SELECTOR = YES;
				GCC_WARN_UNINITIALIZED_AUTOS = YES_AGGRESSIVE;
				GCC_WARN_UNUSED_FUNCTION = YES;
				GCC_WARN_UNUSED_VARIABLE = YES;
				IPHONEOS_DEPLOYMENT_TARGET = 12.2;
				MTL_ENABLE_DEBUG_INFO = INCLUDE_SOURCE;
				MTL_FAST_MATH = YES;
				ONLY_ACTIVE_ARCH = YES;
				SDKROOT = iphoneos;
				SWIFT_ACTIVE_COMPILATION_CONDITIONS = DEBUG;
				SWIFT_OPTIMIZATION_LEVEL = "-Onone";
			};
			name = Debug;
		};
		262A153122E8C1FF00FC33FC /* Release */ = {
			isa = XCBuildConfiguration;
			buildSettings = {
				ALWAYS_SEARCH_USER_PATHS = NO;
				CLANG_ANALYZER_NONNULL = YES;
				CLANG_ANALYZER_NUMBER_OBJECT_CONVERSION = YES_AGGRESSIVE;
				CLANG_CXX_LANGUAGE_STANDARD = "gnu++14";
				CLANG_CXX_LIBRARY = "libc++";
				CLANG_ENABLE_MODULES = YES;
				CLANG_ENABLE_OBJC_ARC = YES;
				CLANG_ENABLE_OBJC_WEAK = YES;
				CLANG_WARN_BLOCK_CAPTURE_AUTORELEASING = YES;
				CLANG_WARN_BOOL_CONVERSION = YES;
				CLANG_WARN_COMMA = YES;
				CLANG_WARN_CONSTANT_CONVERSION = YES;
				CLANG_WARN_DEPRECATED_OBJC_IMPLEMENTATIONS = YES;
				CLANG_WARN_DIRECT_OBJC_ISA_USAGE = YES_ERROR;
				CLANG_WARN_DOCUMENTATION_COMMENTS = YES;
				CLANG_WARN_EMPTY_BODY = YES;
				CLANG_WARN_ENUM_CONVERSION = YES;
				CLANG_WARN_INFINITE_RECURSION = YES;
				CLANG_WARN_INT_CONVERSION = YES;
				CLANG_WARN_NON_LITERAL_NULL_CONVERSION = YES;
				CLANG_WARN_OBJC_IMPLICIT_RETAIN_SELF = YES;
				CLANG_WARN_OBJC_LITERAL_CONVERSION = YES;
				CLANG_WARN_OBJC_ROOT_CLASS = YES_ERROR;
				CLANG_WARN_RANGE_LOOP_ANALYSIS = YES;
				CLANG_WARN_STRICT_PROTOTYPES = YES;
				CLANG_WARN_SUSPICIOUS_MOVE = YES;
				CLANG_WARN_UNGUARDED_AVAILABILITY = YES_AGGRESSIVE;
				CLANG_WARN_UNREACHABLE_CODE = YES;
				CLANG_WARN__DUPLICATE_METHOD_MATCH = YES;
				CODE_SIGN_IDENTITY = "iPhone Developer";
				COPY_PHASE_STRIP = NO;
				DEBUG_INFORMATION_FORMAT = "dwarf-with-dsym";
				ENABLE_NS_ASSERTIONS = NO;
				ENABLE_STRICT_OBJC_MSGSEND = YES;
				GCC_C_LANGUAGE_STANDARD = gnu11;
				GCC_NO_COMMON_BLOCKS = YES;
				GCC_WARN_64_TO_32_BIT_CONVERSION = YES;
				GCC_WARN_ABOUT_RETURN_TYPE = YES_ERROR;
				GCC_WARN_UNDECLARED_SELECTOR = YES;
				GCC_WARN_UNINITIALIZED_AUTOS = YES_AGGRESSIVE;
				GCC_WARN_UNUSED_FUNCTION = YES;
				GCC_WARN_UNUSED_VARIABLE = YES;
				IPHONEOS_DEPLOYMENT_TARGET = 12.2;
				MTL_ENABLE_DEBUG_INFO = NO;
				MTL_FAST_MATH = YES;
				SDKROOT = iphoneos;
				SWIFT_COMPILATION_MODE = wholemodule;
				SWIFT_OPTIMIZATION_LEVEL = "-O";
				VALIDATE_PRODUCT = YES;
			};
			name = Release;
		};
		262A153322E8C1FF00FC33FC /* Debug */ = {
			isa = XCBuildConfiguration;
			buildSettings = {
				ASSETCATALOG_COMPILER_APPICON_NAME = AppIcon;
				CODE_SIGN_STYLE = Automatic;
				INFOPLIST_FILE = ThreadSafety/Info.plist;
				LD_RUNPATH_SEARCH_PATHS = (
					"$(inherited)",
					"@executable_path/Frameworks",
				);
				PRODUCT_BUNDLE_IDENTIFIER = com.hackeru.ThreadSafety;
				PRODUCT_NAME = "$(TARGET_NAME)";
				SWIFT_VERSION = 5.0;
				TARGETED_DEVICE_FAMILY = "1,2";
			};
			name = Debug;
		};
		262A153422E8C1FF00FC33FC /* Release */ = {
			isa = XCBuildConfiguration;
			buildSettings = {
				ASSETCATALOG_COMPILER_APPICON_NAME = AppIcon;
				CODE_SIGN_STYLE = Automatic;
				INFOPLIST_FILE = ThreadSafety/Info.plist;
				LD_RUNPATH_SEARCH_PATHS = (
					"$(inherited)",
					"@executable_path/Frameworks",
				);
				PRODUCT_BUNDLE_IDENTIFIER = com.hackeru.ThreadSafety;
				PRODUCT_NAME = "$(TARGET_NAME)";
				SWIFT_VERSION = 5.0;
				TARGETED_DEVICE_FAMILY = "1,2";
			};
			name = Release;
		};
/* End XCBuildConfiguration section */

/* Begin XCConfigurationList section */
		262A151B22E8C1FE00FC33FC /* Build configuration list for PBXProject "ThreadSafety" */ = {
			isa = XCConfigurationList;
			buildConfigurations = (
				262A153022E8C1FF00FC33FC /* Debug */,
				262A153122E8C1FF00FC33FC /* Release */,
			);
			defaultConfigurationIsVisible = 0;
			defaultConfigurationName = Release;
		};
		262A153222E8C1FF00FC33FC /* Build configuration list for PBXNativeTarget "ThreadSafety" */ = {
			isa = XCConfigurationList;
			buildConfigurations = (
				262A153322E8C1FF00FC33FC /* Debug */,
				262A153422E8C1FF00FC33FC /* Release */,
			);
			defaultConfigurationIsVisible = 0;
			defaultConfigurationName = Release;
		};
/* End XCConfigurationList section */
	};
	rootObject = 262A151822E8C1FE00FC33FC /* Project object */;
}
