// !$*UTF8*$!
{
	archiveVersion = 1;
	classes = {
	};
	objectVersion = 50;
	objects = {

/* Begin PBXBuildFile section */
		26C3BBA12304566B00A6098D /* AppDelegate.swift in Sources */ = {isa = PBXBuildFile; fileRef = 26C3BBA02304566B00A6098D /* AppDelegate.swift */; };
		26C3BBA92304566B00A6098D /* GameViewController.swift in Sources */ = {isa = PBXBuildFile; fileRef = 26C3BBA82304566B00A6098D /* GameViewController.swift */; };
		26C3BBAC2304566B00A6098D /* Main.storyboard in Resources */ = {isa = PBXBuildFile; fileRef = 26C3BBAA2304566B00A6098D /* Main.storyboard */; };
		26C3BBAE2304566D00A6098D /* Assets.xcassets in Resources */ = {isa = PBXBuildFile; fileRef = 26C3BBAD2304566D00A6098D /* Assets.xcassets */; };
		26C3BBB12304566D00A6098D /* LaunchScreen.storyboard in Resources */ = {isa = PBXBuildFile; fileRef = 26C3BBAF2304566D00A6098D /* LaunchScreen.storyboard */; };
		26C3BBBA230456DB00A6098D /* GameScene.swift in Sources */ = {isa = PBXBuildFile; fileRef = 26C3BBB9230456DB00A6098D /* GameScene.swift */; };
		26C3BBBC230466C800A6098D /* electricshock.mp3 in Resources */ = {isa = PBXBuildFile; fileRef = 26C3BBBB230466C800A6098D /* electricshock.mp3 */; };
		26C3BBBE230467C500A6098D /* fire.wav in Resources */ = {isa = PBXBuildFile; fileRef = 26C3BBBD230467C500A6098D /* fire.wav */; };
		26C3BE2E2309C6C700A6098D /* spark.sks in Resources */ = {isa = PBXBuildFile; fileRef = 26C3BE2C2309C6C700A6098D /* spark.sks */; };
		26C3BE2F2309C6C700A6098D /* Assets.xcassets in Resources */ = {isa = PBXBuildFile; fileRef = 26C3BE2D2309C6C700A6098D /* Assets.xcassets */; };
/* End PBXBuildFile section */

/* Begin PBXFileReference section */
		26C3BB9D2304566B00A6098D /* InvaderSomething.app */ = {isa = PBXFileReference; explicitFileType = wrapper.application; includeInIndex = 0; path = InvaderSomething.app; sourceTree = BUILT_PRODUCTS_DIR; };
		26C3BBA02304566B00A6098D /* AppDelegate.swift */ = {isa = PBXFileReference; lastKnownFileType = sourcecode.swift; path = AppDelegate.swift; sourceTree = "<group>"; };
		26C3BBA82304566B00A6098D /* GameViewController.swift */ = {isa = PBXFileReference; lastKnownFileType = sourcecode.swift; path = GameViewController.swift; sourceTree = "<group>"; };
		26C3BBAB2304566B00A6098D /* Base */ = {isa = PBXFileReference; lastKnownFileType = file.storyboard; name = Base; path = Base.lproj/Main.storyboard; sourceTree = "<group>"; };
		26C3BBAD2304566D00A6098D /* Assets.xcassets */ = {isa = PBXFileReference; lastKnownFileType = folder.assetcatalog; path = Assets.xcassets; sourceTree = "<group>"; };
		26C3BBB02304566D00A6098D /* Base */ = {isa = PBXFileReference; lastKnownFileType = file.storyboard; name = Base; path = Base.lproj/LaunchScreen.storyboard; sourceTree = "<group>"; };
		26C3BBB22304566D00A6098D /* Info.plist */ = {isa = PBXFileReference; lastKnownFileType = text.plist.xml; path = Info.plist; sourceTree = "<group>"; };
		26C3BBB9230456DB00A6098D /* GameScene.swift */ = {isa = PBXFileReference; lastKnownFileType = sourcecode.swift; path = GameScene.swift; sourceTree = "<group>"; };
		26C3BBBB230466C800A6098D /* electricshock.mp3 */ = {isa = PBXFileReference; lastKnownFileType = audio.mp3; path = electricshock.mp3; sourceTree = "<group>"; };
		26C3BBBD230467C500A6098D /* fire.wav */ = {isa = PBXFileReference; lastKnownFileType = audio.wav; path = fire.wav; sourceTree = "<group>"; };
		26C3BE2C2309C6C700A6098D /* spark.sks */ = {isa = PBXFileReference; lastKnownFileType = file.sks; path = spark.sks; sourceTree = "<group>"; };
		26C3BE2D2309C6C700A6098D /* Assets.xcassets */ = {isa = PBXFileReference; lastKnownFileType = folder.assetcatalog; path = Assets.xcassets; sourceTree = "<group>"; };
/* End PBXFileReference section */

/* Begin PBXFrameworksBuildPhase section */
		26C3BB9A2304566B00A6098D /* Frameworks */ = {
			isa = PBXFrameworksBuildPhase;
			buildActionMask = 2147483647;
			files = (
			);
			runOnlyForDeploymentPostprocessing = 0;
		};
/* End PBXFrameworksBuildPhase section */

/* Begin PBXGroup section */
		26C3BB942304566B00A6098D = {
			isa = PBXGroup;
			children = (
				26C3BB9F2304566B00A6098D /* InvaderSomething */,
				26C3BB9E2304566B00A6098D /* Products */,
			);
			sourceTree = "<group>";
		};
		26C3BB9E2304566B00A6098D /* Products */ = {
			isa = PBXGroup;
			children = (
				26C3BB9D2304566B00A6098D /* InvaderSomething.app */,
			);
			name = Products;
			sourceTree = "<group>";
		};
		26C3BB9F2304566B00A6098D /* InvaderSomething */ = {
			isa = PBXGroup;
			children = (
				26C3BBA02304566B00A6098D /* AppDelegate.swift */,
				26C3BBA82304566B00A6098D /* GameViewController.swift */,
				26C3BBB8230456B100A6098D /* spritekit */,
				26C3BBAA2304566B00A6098D /* Main.storyboard */,
				26C3BBAD2304566D00A6098D /* Assets.xcassets */,
				26C3BBAF2304566D00A6098D /* LaunchScreen.storyboard */,
				26C3BBB22304566D00A6098D /* Info.plist */,
				26C3BBBD230467C500A6098D /* fire.wav */,
				26C3BBBB230466C800A6098D /* electricshock.mp3 */,
			);
			path = InvaderSomething;
			sourceTree = "<group>";
		};
		26C3BBB8230456B100A6098D /* spritekit */ = {
			isa = PBXGroup;
			children = (
				26C3BBB9230456DB00A6098D /* GameScene.swift */,
				26C3BE2C2309C6C700A6098D /* spark.sks */,
				26C3BE2D2309C6C700A6098D /* Assets.xcassets */,
			);
			path = spritekit;
			sourceTree = "<group>";
		};
/* End PBXGroup section */

/* Begin PBXNativeTarget section */
		26C3BB9C2304566B00A6098D /* InvaderSomething */ = {
			isa = PBXNativeTarget;
			buildConfigurationList = 26C3BBB52304566D00A6098D /* Build configuration list for PBXNativeTarget "InvaderSomething" */;
			buildPhases = (
				26C3BB992304566B00A6098D /* Sources */,
				26C3BB9A2304566B00A6098D /* Frameworks */,
				26C3BB9B2304566B00A6098D /* Resources */,
			);
			buildRules = (
			);
			dependencies = (
			);
			name = InvaderSomething;
			productName = InvaderSomething;
			productReference = 26C3BB9D2304566B00A6098D /* InvaderSomething.app */;
			productType = "com.apple.product-type.application";
		};
/* End PBXNativeTarget section */

/* Begin PBXProject section */
		26C3BB952304566B00A6098D /* Project object */ = {
			isa = PBXProject;
			attributes = {
				LastSwiftUpdateCheck = 1020;
				LastUpgradeCheck = 1020;
				ORGANIZATIONNAME = HackerU;
				TargetAttributes = {
					26C3BB9C2304566B00A6098D = {
						CreatedOnToolsVersion = 10.2.1;
					};
				};
			};
			buildConfigurationList = 26C3BB982304566B00A6098D /* Build configuration list for PBXProject "InvaderSomething" */;
			compatibilityVersion = "Xcode 9.3";
			developmentRegion = en;
			hasScannedForEncodings = 0;
			knownRegions = (
				en,
				Base,
			);
			mainGroup = 26C3BB942304566B00A6098D;
			productRefGroup = 26C3BB9E2304566B00A6098D /* Products */;
			projectDirPath = "";
			projectRoot = "";
			targets = (
				26C3BB9C2304566B00A6098D /* InvaderSomething */,
			);
		};
/* End PBXProject section */

/* Begin PBXResourcesBuildPhase section */
		26C3BB9B2304566B00A6098D /* Resources */ = {
			isa = PBXResourcesBuildPhase;
			buildActionMask = 2147483647;
			files = (
				26C3BBAC2304566B00A6098D /* Main.storyboard in Resources */,
				26C3BE2E2309C6C700A6098D /* spark.sks in Resources */,
				26C3BBBE230467C500A6098D /* fire.wav in Resources */,
				26C3BBAE2304566D00A6098D /* Assets.xcassets in Resources */,
				26C3BE2F2309C6C700A6098D /* Assets.xcassets in Resources */,
				26C3BBBC230466C800A6098D /* electricshock.mp3 in Resources */,
				26C3BBB12304566D00A6098D /* LaunchScreen.storyboard in Resources */,
			);
			runOnlyForDeploymentPostprocessing = 0;
		};
/* End PBXResourcesBuildPhase section */

/* Begin PBXSourcesBuildPhase section */
		26C3BB992304566B00A6098D /* Sources */ = {
			isa = PBXSourcesBuildPhase;
			buildActionMask = 2147483647;
			files = (
				26C3BBBA230456DB00A6098D /* GameScene.swift in Sources */,
				26C3BBA92304566B00A6098D /* GameViewController.swift in Sources */,
				26C3BBA12304566B00A6098D /* AppDelegate.swift in Sources */,
			);
			runOnlyForDeploymentPostprocessing = 0;
		};
/* End PBXSourcesBuildPhase section */

/* Begin PBXVariantGroup section */
		26C3BBAA2304566B00A6098D /* Main.storyboard */ = {
			isa = PBXVariantGroup;
			children = (
				26C3BBAB2304566B00A6098D /* Base */,
			);
			name = Main.storyboard;
			sourceTree = "<group>";
		};
		26C3BBAF2304566D00A6098D /* LaunchScreen.storyboard */ = {
			isa = PBXVariantGroup;
			children = (
				26C3BBB02304566D00A6098D /* Base */,
			);
			name = LaunchScreen.storyboard;
			sourceTree = "<group>";
		};
/* End PBXVariantGroup section */

/* Begin XCBuildConfiguration section */
		26C3BBB32304566D00A6098D /* Debug */ = {
			isa = XCBuildConfiguration;
			buildSettings = {
				ALWAYS_SEARCH_USER_PATHS = NO;
				CLANG_ANALYZER_NONNULL = YES;
				CLANG_ANALYZER_NUMBER_OBJECT_CONVERSION = YES_AGGRESSIVE;
				CLANG_CXX_LANGUAGE_STANDARD = "gnu++14";
				CLANG_CXX_LIBRARY = "libc++";
				CLANG_ENABLE_MODULES = YES;
				CLANG_ENABLE_OBJC_ARC = YES;
				CLANG_ENABLE_OBJC_WEAK = YES;
				CLANG_WARN_BLOCK_CAPTURE_AUTORELEASING = YES;
				CLANG_WARN_BOOL_CONVERSION = YES;
				CLANG_WARN_COMMA = YES;
				CLANG_WARN_CONSTANT_CONVERSION = YES;
				CLANG_WARN_DEPRECATED_OBJC_IMPLEMENTATIONS = YES;
				CLANG_WARN_DIRECT_OBJC_ISA_USAGE = YES_ERROR;
				CLANG_WARN_DOCUMENTATION_COMMENTS = YES;
				CLANG_WARN_EMPTY_BODY = YES;
				CLANG_WARN_ENUM_CONVERSION = YES;
				CLANG_WARN_INFINITE_RECURSION = YES;
				CLANG_WARN_INT_CONVERSION = YES;
				CLANG_WARN_NON_LITERAL_NULL_CONVERSION = YES;
				CLANG_WARN_OBJC_IMPLICIT_RETAIN_SELF = YES;
				CLANG_WARN_OBJC_LITERAL_CONVERSION = YES;
				CLANG_WARN_OBJC_ROOT_CLASS = YES_ERROR;
				CLANG_WARN_RANGE_LOOP_ANALYSIS = YES;
				CLANG_WARN_STRICT_PROTOTYPES = YES;
				CLANG_WARN_SUSPICIOUS_MOVE = YES;
				CLANG_WARN_UNGUARDED_AVAILABILITY = YES_AGGRESSIVE;
				CLANG_WARN_UNREACHABLE_CODE = YES;
				CLANG_WARN__DUPLICATE_METHOD_MATCH = YES;
				CODE_SIGN_IDENTITY = "iPhone Developer";
				COPY_PHASE_STRIP = NO;
				DEBUG_INFORMATION_FORMAT = dwarf;
				ENABLE_STRICT_OBJC_MSGSEND = YES;
				ENABLE_TESTABILITY = YES;
				GCC_C_LANGUAGE_STANDARD = gnu11;
				GCC_DYNAMIC_NO_PIC = NO;
				GCC_NO_COMMON_BLOCKS = YES;
				GCC_OPTIMIZATION_LEVEL = 0;
				GCC_PREPROCESSOR_DEFINITIONS = (
					"DEBUG=1",
					"$(inherited)",
				);
				GCC_WARN_64_TO_32_BIT_CONVERSION = YES;
				GCC_WARN_ABOUT_RETURN_TYPE = YES_ERROR;
				GCC_WARN_UNDECLARED_SELECTOR = YES;
				GCC_WARN_UNINITIALIZED_AUTOS = YES_AGGRESSIVE;
				GCC_WARN_UNUSED_FUNCTION = YES;
				GCC_WARN_UNUSED_VARIABLE = YES;
				IPHONEOS_DEPLOYMENT_TARGET = 12.2;
				MTL_ENABLE_DEBUG_INFO = INCLUDE_SOURCE;
				MTL_FAST_MATH = YES;
				ONLY_ACTIVE_ARCH = YES;
				SDKROOT = iphoneos;
				SWIFT_ACTIVE_COMPILATION_CONDITIONS = DEBUG;
				SWIFT_OPTIMIZATION_LEVEL = "-Onone";
			};
			name = Debug;
		};
		26C3BBB42304566D00A6098D /* Release */ = {
			isa = XCBuildConfiguration;
			buildSettings = {
				ALWAYS_SEARCH_USER_PATHS = NO;
				CLANG_ANALYZER_NONNULL = YES;
				CLANG_ANALYZER_NUMBER_OBJECT_CONVERSION = YES_AGGRESSIVE;
				CLANG_CXX_LANGUAGE_STANDARD = "gnu++14";
				CLANG_CXX_LIBRARY = "libc++";
				CLANG_ENABLE_MODULES = YES;
				CLANG_ENABLE_OBJC_ARC = YES;
				CLANG_ENABLE_OBJC_WEAK = YES;
				CLANG_WARN_BLOCK_CAPTURE_AUTORELEASING = YES;
				CLANG_WARN_BOOL_CONVERSION = YES;
				CLANG_WARN_COMMA = YES;
				CLANG_WARN_CONSTANT_CONVERSION = YES;
				CLANG_WARN_DEPRECATED_OBJC_IMPLEMENTATIONS = YES;
				CLANG_WARN_DIRECT_OBJC_ISA_USAGE = YES_ERROR;
				CLANG_WARN_DOCUMENTATION_COMMENTS = YES;
				CLANG_WARN_EMPTY_BODY = YES;
				CLANG_WARN_ENUM_CONVERSION = YES;
				CLANG_WARN_INFINITE_RECURSION = YES;
				CLANG_WARN_INT_CONVERSION = YES;
				CLANG_WARN_NON_LITERAL_NULL_CONVERSION = YES;
				CLANG_WARN_OBJC_IMPLICIT_RETAIN_SELF = YES;
				CLANG_WARN_OBJC_LITERAL_CONVERSION = YES;
				CLANG_WARN_OBJC_ROOT_CLASS = YES_ERROR;
				CLANG_WARN_RANGE_LOOP_ANALYSIS = YES;
				CLANG_WARN_STRICT_PROTOTYPES = YES;
				CLANG_WARN_SUSPICIOUS_MOVE = YES;
				CLANG_WARN_UNGUARDED_AVAILABILITY = YES_AGGRESSIVE;
				CLANG_WARN_UNREACHABLE_CODE = YES;
				CLANG_WARN__DUPLICATE_METHOD_MATCH = YES;
				CODE_SIGN_IDENTITY = "iPhone Developer";
				COPY_PHASE_STRIP = NO;
				DEBUG_INFORMATION_FORMAT = "dwarf-with-dsym";
				ENABLE_NS_ASSERTIONS = NO;
				ENABLE_STRICT_OBJC_MSGSEND = YES;
				GCC_C_LANGUAGE_STANDARD = gnu11;
				GCC_NO_COMMON_BLOCKS = YES;
				GCC_WARN_64_TO_32_BIT_CONVERSION = YES;
				GCC_WARN_ABOUT_RETURN_TYPE = YES_ERROR;
				GCC_WARN_UNDECLARED_SELECTOR = YES;
				GCC_WARN_UNINITIALIZED_AUTOS = YES_AGGRESSIVE;
				GCC_WARN_UNUSED_FUNCTION = YES;
				GCC_WARN_UNUSED_VARIABLE = YES;
				IPHONEOS_DEPLOYMENT_TARGET = 12.2;
				MTL_ENABLE_DEBUG_INFO = NO;
				MTL_FAST_MATH = YES;
				SDKROOT = iphoneos;
				SWIFT_COMPILATION_MODE = wholemodule;
				SWIFT_OPTIMIZATION_LEVEL = "-O";
				VALIDATE_PRODUCT = YES;
			};
			name = Release;
		};
		26C3BBB62304566D00A6098D /* Debug */ = {
			isa = XCBuildConfiguration;
			buildSettings = {
				ASSETCATALOG_COMPILER_APPICON_NAME = AppIcon;
				CODE_SIGN_STYLE = Automatic;
				INFOPLIST_FILE = InvaderSomething/Info.plist;
				LD_RUNPATH_SEARCH_PATHS = (
					"$(inherited)",
					"@executable_path/Frameworks",
				);
				PRODUCT_BUNDLE_IDENTIFIER = com.benny.InvaderSomething;
				PRODUCT_NAME = "$(TARGET_NAME)";
				SWIFT_VERSION = 5.0;
				TARGETED_DEVICE_FAMILY = "1,2";
			};
			name = Debug;
		};
		26C3BBB72304566D00A6098D /* Release */ = {
			isa = XCBuildConfiguration;
			buildSettings = {
				ASSETCATALOG_COMPILER_APPICON_NAME = AppIcon;
				CODE_SIGN_STYLE = Automatic;
				INFOPLIST_FILE = InvaderSomething/Info.plist;
				LD_RUNPATH_SEARCH_PATHS = (
					"$(inherited)",
					"@executable_path/Frameworks",
				);
				PRODUCT_BUNDLE_IDENTIFIER = com.benny.InvaderSomething;
				PRODUCT_NAME = "$(TARGET_NAME)";
				SWIFT_VERSION = 5.0;
				TARGETED_DEVICE_FAMILY = "1,2";
			};
			name = Release;
		};
/* End XCBuildConfiguration section */

/* Begin XCConfigurationList section */
		26C3BB982304566B00A6098D /* Build configuration list for PBXProject "InvaderSomething" */ = {
			isa = XCConfigurationList;
			buildConfigurations = (
				26C3BBB32304566D00A6098D /* Debug */,
				26C3BBB42304566D00A6098D /* Release */,
			);
			defaultConfigurationIsVisible = 0;
			defaultConfigurationName = Release;
		};
		26C3BBB52304566D00A6098D /* Build configuration list for PBXNativeTarget "InvaderSomething" */ = {
			isa = XCConfigurationList;
			buildConfigurations = (
				26C3BBB62304566D00A6098D /* Debug */,
				26C3BBB72304566D00A6098D /* Release */,
			);
			defaultConfigurationIsVisible = 0;
			defaultConfigurationName = Release;
		};
/* End XCConfigurationList section */
	};
	rootObject = 26C3BB952304566B00A6098D /* Project object */;
}
