PODS:
  - Alamofire (4.8.2)
  - SDWebImage (5.0.0):
    - SDWebImage/Core (= 5.0.0)
  - SDWebImage/Core (5.0.0)

DEPENDENCIES:
  - Alamofire
  - SDWebImage

SPEC REPOS:
  https://github.com/cocoapods/specs.git:
    - Alamofire
    - SDWebImage

SPEC CHECKSUMS:
  Alamofire: ae5c501addb7afdbb13687d7f2f722c78734c2d3
  SDWebImage: 5de80a0302de9e377e62f47d2fa1304efff0e55f

PODFILE CHECKSUM: 2b0fe23d34ce64724424199d5657de46bb3221ef

COCOAPODS: 1.6.1
